
Microsoft Visual Studio Solution File, Format Version 12.00
# Visual Studio Version 17
VisualStudioVersion = 17.0.31903.59
MinimumVisualStudioVersion = 10.0.40219.1
Project("{8BC9CEB8-8B4A-11D0-8D11-00A0C91BC942}") = "posizione_cifre", "posizione_cifre\posizione_cifre.vcxproj", "{04CCAA1D-15A4-4773-BFEB-77B4FDA3F13C}"
EndProject
Project("{8BC9CEB8-8B4A-11D0-8D11-00A0C91BC942}") = "sort", "sort\sort.vcxproj", "{5BE278B4-FDB3-459F-A7F0-3D08EDEDCD6D}"
EndProject
Project("{8BC9CEB8-8B4A-11D0-8D11-00A0C91BC942}") = "serie", "serie\serie.vcxproj", "{0A9301DE-23F0-4BE1-B4D8-B69F130F21E2}"
EndProject
Project("{8BC9CEB8-8B4A-11D0-8D11-00A0C91BC942}") = ".temp", "temp\temp.vcxproj", "{8AA040BF-5130-4B63-A967-EA9B9CEDBAC3}"
EndProject
Project("{8BC9CEB8-8B4A-11D0-8D11-00A0C91BC942}") = "array_senza_doppioni", "array_senza_doppioni\array_senza_doppioni.vcxproj", "{9FEA4E72-314E-4392-A62F-CF8443D7DCC4}"
EndProject
Project("{8BC9CEB8-8B4A-11D0-8D11-00A0C91BC942}") = "array_senza_doppioni(1)", "array_senza_doppioni(1)\array_senza_doppioni(1).vcxproj", "{475F5241-AE48-4E89-85D5-BBEE469671EB}"
EndProject
Project("{8BC9CEB8-8B4A-11D0-8D11-00A0C91BC942}") = "binario", "binario\binario.vcxproj", "{D6C47E3E-2DAD-40D9-8C6A-47785724D586}"
EndProject
Global
	GlobalSection(SolutionConfigurationPlatforms) = preSolution
		Debug|x64 = Debug|x64
		Debug|x86 = Debug|x86
		Release|x64 = Release|x64
		Release|x86 = Release|x86
	EndGlobalSection
	GlobalSection(ProjectConfigurationPlatforms) = postSolution
		{04CCAA1D-15A4-4773-BFEB-77B4FDA3F13C}.Debug|x64.ActiveCfg = Debug|x64
		{04CCAA1D-15A4-4773-BFEB-77B4FDA3F13C}.Debug|x64.Build.0 = Debug|x64
		{04CCAA1D-15A4-4773-BFEB-77B4FDA3F13C}.Debug|x86.ActiveCfg = Debug|Win32
		{04CCAA1D-15A4-4773-BFEB-77B4FDA3F13C}.Debug|x86.Build.0 = Debug|Win32
		{04CCAA1D-15A4-4773-BFEB-77B4FDA3F13C}.Release|x64.ActiveCfg = Release|x64
		{04CCAA1D-15A4-4773-BFEB-77B4FDA3F13C}.Release|x64.Build.0 = Release|x64
		{04CCAA1D-15A4-4773-BFEB-77B4FDA3F13C}.Release|x86.ActiveCfg = Release|Win32
		{04CCAA1D-15A4-4773-BFEB-77B4FDA3F13C}.Release|x86.Build.0 = Release|Win32
		{5BE278B4-FDB3-459F-A7F0-3D08EDEDCD6D}.Debug|x64.ActiveCfg = Debug|x64
		{5BE278B4-FDB3-459F-A7F0-3D08EDEDCD6D}.Debug|x64.Build.0 = Debug|x64
		{5BE278B4-FDB3-459F-A7F0-3D08EDEDCD6D}.Debug|x86.ActiveCfg = Debug|Win32
		{5BE278B4-FDB3-459F-A7F0-3D08EDEDCD6D}.Debug|x86.Build.0 = Debug|Win32
		{5BE278B4-FDB3-459F-A7F0-3D08EDEDCD6D}.Release|x64.ActiveCfg = Release|x64
		{5BE278B4-FDB3-459F-A7F0-3D08EDEDCD6D}.Release|x64.Build.0 = Release|x64
		{5BE278B4-FDB3-459F-A7F0-3D08EDEDCD6D}.Release|x86.ActiveCfg = Release|Win32
		{5BE278B4-FDB3-459F-A7F0-3D08EDEDCD6D}.Release|x86.Build.0 = Release|Win32
		{0A9301DE-23F0-4BE1-B4D8-B69F130F21E2}.Debug|x64.ActiveCfg = Debug|x64
		{0A9301DE-23F0-4BE1-B4D8-B69F130F21E2}.Debug|x64.Build.0 = Debug|x64
		{0A9301DE-23F0-4BE1-B4D8-B69F130F21E2}.Debug|x86.ActiveCfg = Debug|Win32
		{0A9301DE-23F0-4BE1-B4D8-B69F130F21E2}.Debug|x86.Build.0 = Debug|Win32
		{0A9301DE-23F0-4BE1-B4D8-B69F130F21E2}.Release|x64.ActiveCfg = Release|x64
		{0A9301DE-23F0-4BE1-B4D8-B69F130F21E2}.Release|x64.Build.0 = Release|x64
		{0A9301DE-23F0-4BE1-B4D8-B69F130F21E2}.Release|x86.ActiveCfg = Release|Win32
		{0A9301DE-23F0-4BE1-B4D8-B69F130F21E2}.Release|x86.Build.0 = Release|Win32
		{8AA040BF-5130-4B63-A967-EA9B9CEDBAC3}.Debug|x64.ActiveCfg = Debug|x64
		{8AA040BF-5130-4B63-A967-EA9B9CEDBAC3}.Debug|x64.Build.0 = Debug|x64
		{8AA040BF-5130-4B63-A967-EA9B9CEDBAC3}.Debug|x86.ActiveCfg = Debug|Win32
		{8AA040BF-5130-4B63-A967-EA9B9CEDBAC3}.Debug|x86.Build.0 = Debug|Win32
		{8AA040BF-5130-4B63-A967-EA9B9CEDBAC3}.Release|x64.ActiveCfg = Release|x64
		{8AA040BF-5130-4B63-A967-EA9B9CEDBAC3}.Release|x64.Build.0 = Release|x64
		{8AA040BF-5130-4B63-A967-EA9B9CEDBAC3}.Release|x86.ActiveCfg = Release|Win32
		{8AA040BF-5130-4B63-A967-EA9B9CEDBAC3}.Release|x86.Build.0 = Release|Win32
		{9FEA4E72-314E-4392-A62F-CF8443D7DCC4}.Debug|x64.ActiveCfg = Debug|x64
		{9FEA4E72-314E-4392-A62F-CF8443D7DCC4}.Debug|x64.Build.0 = Debug|x64
		{9FEA4E72-314E-4392-A62F-CF8443D7DCC4}.Debug|x86.ActiveCfg = Debug|Win32
		{9FEA4E72-314E-4392-A62F-CF8443D7DCC4}.Debug|x86.Build.0 = Debug|Win32
		{9FEA4E72-314E-4392-A62F-CF8443D7DCC4}.Release|x64.ActiveCfg = Release|x64
		{9FEA4E72-314E-4392-A62F-CF8443D7DCC4}.Release|x64.Build.0 = Release|x64
		{9FEA4E72-314E-4392-A62F-CF8443D7DCC4}.Release|x86.ActiveCfg = Release|Win32
		{9FEA4E72-314E-4392-A62F-CF8443D7DCC4}.Release|x86.Build.0 = Release|Win32
		{475F5241-AE48-4E89-85D5-BBEE469671EB}.Debug|x64.ActiveCfg = Debug|x64
		{475F5241-AE48-4E89-85D5-BBEE469671EB}.Debug|x64.Build.0 = Debug|x64
		{475F5241-AE48-4E89-85D5-BBEE469671EB}.Debug|x86.ActiveCfg = Debug|Win32
		{475F5241-AE48-4E89-85D5-BBEE469671EB}.Debug|x86.Build.0 = Debug|Win32
		{475F5241-AE48-4E89-85D5-BBEE469671EB}.Release|x64.ActiveCfg = Release|x64
		{475F5241-AE48-4E89-85D5-BBEE469671EB}.Release|x64.Build.0 = Release|x64
		{475F5241-AE48-4E89-85D5-BBEE469671EB}.Release|x86.ActiveCfg = Release|Win32
		{475F5241-AE48-4E89-85D5-BBEE469671EB}.Release|x86.Build.0 = Release|Win32
		{D6C47E3E-2DAD-40D9-8C6A-47785724D586}.Debug|x64.ActiveCfg = Debug|x64
		{D6C47E3E-2DAD-40D9-8C6A-47785724D586}.Debug|x64.Build.0 = Debug|x64
		{D6C47E3E-2DAD-40D9-8C6A-47785724D586}.Debug|x86.ActiveCfg = Debug|Win32
		{D6C47E3E-2DAD-40D9-8C6A-47785724D586}.Debug|x86.Build.0 = Debug|Win32
		{D6C47E3E-2DAD-40D9-8C6A-47785724D586}.Release|x64.ActiveCfg = Release|x64
		{D6C47E3E-2DAD-40D9-8C6A-47785724D586}.Release|x64.Build.0 = Release|x64
		{D6C47E3E-2DAD-40D9-8C6A-47785724D586}.Release|x86.ActiveCfg = Release|Win32
		{D6C47E3E-2DAD-40D9-8C6A-47785724D586}.Release|x86.Build.0 = Release|Win32
	EndGlobalSection
	GlobalSection(SolutionProperties) = preSolution
		HideSolutionNode = FALSE
	EndGlobalSection
	GlobalSection(ExtensibilityGlobals) = postSolution
		SolutionGuid = {75F49995-A707-4C6D-B6F9-62D9E061FAAE}
	EndGlobalSection
EndGlobal
